
Microsoft Visual Studio Solution File, Format Version 12.00
# Visual Studio Version 17
VisualStudioVersion = 17.3.32922.545
MinimumVisualStudioVersion = 10.0.40219.1
Project("{FAE04EC0-301F-11D3-BF4B-00C04F79EFBC}") = "AndroidApp.Android", "AndroidApp\AndroidApp.Android\AndroidApp.Android.csproj", "{611A5C02-1B2B-43EF-9F63-B8AA9842B6BB}"
EndProject
Project("{FAE04EC0-301F-11D3-BF4B-00C04F79EFBC}") = "AndroidApp", "AndroidApp\AndroidApp\AndroidApp.csproj", "{872E2031-8E4F-4864-8C13-1B3BDA675077}"
EndProject
Global
	GlobalSection(SolutionConfigurationPlatforms) = preSolution
		Debug|Any CPU = Debug|Any CPU
		Release|Any CPU = Release|Any CPU
	EndGlobalSection
	GlobalSection(ProjectConfigurationPlatforms) = postSolution
		{611A5C02-1B2B-43EF-9F63-B8AA9842B6BB}.Debug|Any CPU.ActiveCfg = Debug|Any CPU
		{611A5C02-1B2B-43EF-9F63-B8AA9842B6BB}.Debug|Any CPU.Build.0 = Debug|Any CPU
		{611A5C02-1B2B-43EF-9F63-B8AA9842B6BB}.Debug|Any CPU.Deploy.0 = Debug|Any CPU
		{611A5C02-1B2B-43EF-9F63-B8AA9842B6BB}.Release|Any CPU.ActiveCfg = Release|Any CPU
		{611A5C02-1B2B-43EF-9F63-B8AA9842B6BB}.Release|Any CPU.Build.0 = Release|Any CPU
		{611A5C02-1B2B-43EF-9F63-B8AA9842B6BB}.Release|Any CPU.Deploy.0 = Release|Any CPU
		{872E2031-8E4F-4864-8C13-1B3BDA675077}.Debug|Any CPU.ActiveCfg = Debug|Any CPU
		{872E2031-8E4F-4864-8C13-1B3BDA675077}.Debug|Any CPU.Build.0 = Debug|Any CPU
		{872E2031-8E4F-4864-8C13-1B3BDA675077}.Debug|Any CPU.Deploy.0 = Debug|Any CPU
		{872E2031-8E4F-4864-8C13-1B3BDA675077}.Release|Any CPU.ActiveCfg = Release|Any CPU
		{872E2031-8E4F-4864-8C13-1B3BDA675077}.Release|Any CPU.Build.0 = Release|Any CPU
		{872E2031-8E4F-4864-8C13-1B3BDA675077}.Release|Any CPU.Deploy.0 = Release|Any CPU
	EndGlobalSection
	GlobalSection(SolutionProperties) = preSolution
		HideSolutionNode = FALSE
	EndGlobalSection
	GlobalSection(ExtensibilityGlobals) = postSolution
		SolutionGuid = {A452D5A1-317D-4461-A63C-F0E94A340891}
	EndGlobalSection
EndGlobal
